
Microsoft Visual Studio Solution File, Format Version 12.00
# Visual Studio Version 17
VisualStudioVersion = 17.14.37012.4 d17.14
MinimumVisualStudioVersion = 10.0.40219.1
Project("{FAE04EC0-301F-11D3-BF4B-00C04F79EFBC}") = "WFConFin", "WFConFin\WFConFin.csproj", "{DDD125ED-C4D7-4CF1-B8C3-0770C244474F}"
EndProject
Global
	GlobalSection(SolutionConfigurationPlatforms) = preSolution
		Debug|Any CPU = Debug|Any CPU
		Release|Any CPU = Release|Any CPU
	EndGlobalSection
	GlobalSection(ProjectConfigurationPlatforms) = postSolution
		{DDD125ED-C4D7-4CF1-B8C3-0770C244474F}.Debug|Any CPU.ActiveCfg = Debug|Any CPU
		{DDD125ED-C4D7-4CF1-B8C3-0770C244474F}.Debug|Any CPU.Build.0 = Debug|Any CPU
		{DDD125ED-C4D7-4CF1-B8C3-0770C244474F}.Release|Any CPU.ActiveCfg = Release|Any CPU
		{DDD125ED-C4D7-4CF1-B8C3-0770C244474F}.Release|Any CPU.Build.0 = Release|Any CPU
	EndGlobalSection
	GlobalSection(SolutionProperties) = preSolution
		HideSolutionNode = FALSE
	EndGlobalSection
	GlobalSection(ExtensibilityGlobals) = postSolution
		SolutionGuid = {6B2A88EA-CCE4-4EC2-978C-78B42BDFF2CC}
	EndGlobalSection
EndGlobal
